
Microsoft Visual Studio Solution File, Format Version 12.00
# Visual Studio Version 16
VisualStudioVersion = 16.0.30413.136
MinimumVisualStudioVersion = 10.0.40219.1
Project("{FAE04EC0-301F-11D3-BF4B-00C04F79EFBC}") = "AspNodaTimes", "AspNodaTimes.csproj", "{07C962B2-A33E-4025-A44F-980C0A2153E5}"
EndProject
Global
	GlobalSection(SolutionConfigurationPlatforms) = preSolution
		Debug|Any CPU = Debug|Any CPU
		Release|Any CPU = Release|Any CPU
	EndGlobalSection
	GlobalSection(ProjectConfigurationPlatforms) = postSolution
		{07C962B2-A33E-4025-A44F-980C0A2153E5}.Debug|Any CPU.ActiveCfg = Debug|Any CPU
		{07C962B2-A33E-4025-A44F-980C0A2153E5}.Debug|Any CPU.Build.0 = Debug|Any CPU
		{07C962B2-A33E-4025-A44F-980C0A2153E5}.Release|Any CPU.ActiveCfg = Release|Any CPU
		{07C962B2-A33E-4025-A44F-980C0A2153E5}.Release|Any CPU.Build.0 = Release|Any CPU
	EndGlobalSection
	GlobalSection(SolutionProperties) = preSolution
		HideSolutionNode = FALSE
	EndGlobalSection
	GlobalSection(ExtensibilityGlobals) = postSolution
		SolutionGuid = {62DF1C3A-4B4B-4BCC-A9F9-1E82DF5A05F4}
	EndGlobalSection
EndGlobal
